
Microsoft Visual Studio Solution File, Format Version 12.00
# Visual Studio 14
VisualStudioVersion = 14.0.25420.1
MinimumVisualStudioVersion = 10.0.40219.1
Project("{FAE04EC0-301F-11D3-BF4B-00C04F79EFBC}") = "Xamarin_Learning", "Xamarin-Learning\Xamarin_Learning\Xamarin_Learning.csproj", "{44C57247-6F74-4D92-963E-F40F0F807438}"
EndProject
Project("{FAE04EC0-301F-11D3-BF4B-00C04F79EFBC}") = "Xamarin_Learning.Android", "Xamarin-Learning\Xamarin_Learning.Android\Xamarin_Learning.Android.csproj", "{95E571DD-7709-4AB1-A9FB-65AB0CF4612D}"
EndProject
Project("{FAE04EC0-301F-11D3-BF4B-00C04F79EFBC}") = "Xamarin_Learning.iOS", "Xamarin-Learning\Xamarin_Learning.iOS\Xamarin_Learning.iOS.csproj", "{4302C0EC-83DE-455B-BC2B-63055D2A1A46}"
EndProject
Project("{FAE04EC0-301F-11D3-BF4B-00C04F79EFBC}") = "Xamarin_Learning.UWP", "Xamarin-Learning\Xamarin_Learning.UWP\Xamarin_Learning.UWP.csproj", "{2B6FEA65-536C-43DC-B9CA-A522B69DD663}"
EndProject
Global
	GlobalSection(SolutionConfigurationPlatforms) = preSolution
		Debug|Any CPU = Debug|Any CPU
		Debug|ARM = Debug|ARM
		Debug|iPhone = Debug|iPhone
		Debug|iPhoneSimulator = Debug|iPhoneSimulator
		Debug|x64 = Debug|x64
		Debug|x86 = Debug|x86
		Release|Any CPU = Release|Any CPU
		Release|ARM = Release|ARM
		Release|iPhone = Release|iPhone
		Release|iPhoneSimulator = Release|iPhoneSimulator
		Release|x64 = Release|x64
		Release|x86 = Release|x86
	EndGlobalSection
	GlobalSection(ProjectConfigurationPlatforms) = postSolution
		{44C57247-6F74-4D92-963E-F40F0F807438}.Debug|Any CPU.ActiveCfg = Debug|Any CPU
		{44C57247-6F74-4D92-963E-F40F0F807438}.Debug|Any CPU.Build.0 = Debug|Any CPU
		{44C57247-6F74-4D92-963E-F40F0F807438}.Debug|ARM.ActiveCfg = Debug|Any CPU
		{44C57247-6F74-4D92-963E-F40F0F807438}.Debug|ARM.Build.0 = Debug|Any CPU
		{44C57247-6F74-4D92-963E-F40F0F807438}.Debug|iPhone.ActiveCfg = Debug|Any CPU
		{44C57247-6F74-4D92-963E-F40F0F807438}.Debug|iPhone.Build.0 = Debug|Any CPU
		{44C57247-6F74-4D92-963E-F40F0F807438}.Debug|iPhoneSimulator.ActiveCfg = Debug|Any CPU
		{44C57247-6F74-4D92-963E-F40F0F807438}.Debug|iPhoneSimulator.Build.0 = Debug|Any CPU
		{44C57247-6F74-4D92-963E-F40F0F807438}.Debug|x64.ActiveCfg = Debug|Any CPU
		{44C57247-6F74-4D92-963E-F40F0F807438}.Debug|x64.Build.0 = Debug|Any CPU
		{44C57247-6F74-4D92-963E-F40F0F807438}.Debug|x86.ActiveCfg = Debug|Any CPU
		{44C57247-6F74-4D92-963E-F40F0F807438}.Debug|x86.Build.0 = Debug|Any CPU
		{44C57247-6F74-4D92-963E-F40F0F807438}.Release|Any CPU.ActiveCfg = Release|Any CPU
		{44C57247-6F74-4D92-963E-F40F0F807438}.Release|Any CPU.Build.0 = Release|Any CPU
		{44C57247-6F74-4D92-963E-F40F0F807438}.Release|ARM.ActiveCfg = Release|Any CPU
		{44C57247-6F74-4D92-963E-F40F0F807438}.Release|ARM.Build.0 = Release|Any CPU
		{44C57247-6F74-4D92-963E-F40F0F807438}.Release|iPhone.ActiveCfg = Release|Any CPU
		{44C57247-6F74-4D92-963E-F40F0F807438}.Release|iPhone.Build.0 = Release|Any CPU
		{44C57247-6F74-4D92-963E-F40F0F807438}.Release|iPhoneSimulator.ActiveCfg = Release|Any CPU
		{44C57247-6F74-4D92-963E-F40F0F807438}.Release|iPhoneSimulator.Build.0 = Release|Any CPU
		{44C57247-6F74-4D92-963E-F40F0F807438}.Release|x64.ActiveCfg = Release|Any CPU
		{44C57247-6F74-4D92-963E-F40F0F807438}.Release|x64.Build.0 = Release|Any CPU
		{44C57247-6F74-4D92-963E-F40F0F807438}.Release|x86.ActiveCfg = Release|Any CPU
		{44C57247-6F74-4D92-963E-F40F0F807438}.Release|x86.Build.0 = Release|Any CPU
		{95E571DD-7709-4AB1-A9FB-65AB0CF4612D}.Debug|Any CPU.ActiveCfg = Debug|Any CPU
		{95E571DD-7709-4AB1-A9FB-65AB0CF4612D}.Debug|Any CPU.Build.0 = Debug|Any CPU
		{95E571DD-7709-4AB1-A9FB-65AB0CF4612D}.Debug|Any CPU.Deploy.0 = Debug|Any CPU
		{95E571DD-7709-4AB1-A9FB-65AB0CF4612D}.Debug|ARM.ActiveCfg = Debug|Any CPU
		{95E571DD-7709-4AB1-A9FB-65AB0CF4612D}.Debug|ARM.Build.0 = Debug|Any CPU
		{95E571DD-7709-4AB1-A9FB-65AB0CF4612D}.Debug|ARM.Deploy.0 = Debug|Any CPU
		{95E571DD-7709-4AB1-A9FB-65AB0CF4612D}.Debug|iPhone.ActiveCfg = Debug|Any CPU
		{95E571DD-7709-4AB1-A9FB-65AB0CF4612D}.Debug|iPhone.Build.0 = Debug|Any CPU
		{95E571DD-7709-4AB1-A9FB-65AB0CF4612D}.Debug|iPhone.Deploy.0 = Debug|Any CPU
		{95E571DD-7709-4AB1-A9FB-65AB0CF4612D}.Debug|iPhoneSimulator.ActiveCfg = Debug|Any CPU
		{95E571DD-7709-4AB1-A9FB-65AB0CF4612D}.Debug|iPhoneSimulator.Build.0 = Debug|Any CPU
		{95E571DD-7709-4AB1-A9FB-65AB0CF4612D}.Debug|iPhoneSimulator.Deploy.0 = Debug|Any CPU
		{95E571DD-7709-4AB1-A9FB-65AB0CF4612D}.Debug|x64.ActiveCfg = Debug|Any CPU
		{95E571DD-7709-4AB1-A9FB-65AB0CF4612D}.Debug|x64.Build.0 = Debug|Any CPU
		{95E571DD-7709-4AB1-A9FB-65AB0CF4612D}.Debug|x64.Deploy.0 = Debug|Any CPU
		{95E571DD-7709-4AB1-A9FB-65AB0CF4612D}.Debug|x86.ActiveCfg = Debug|Any CPU
		{95E571DD-7709-4AB1-A9FB-65AB0CF4612D}.Debug|x86.Build.0 = Debug|Any CPU
		{95E571DD-7709-4AB1-A9FB-65AB0CF4612D}.Debug|x86.Deploy.0 = Debug|Any CPU
		{95E571DD-7709-4AB1-A9FB-65AB0CF4612D}.Release|Any CPU.ActiveCfg = Release|Any CPU
		{95E571DD-7709-4AB1-A9FB-65AB0CF4612D}.Release|Any CPU.Build.0 = Release|Any CPU
		{95E571DD-7709-4AB1-A9FB-65AB0CF4612D}.Release|Any CPU.Deploy.0 = Release|Any CPU
		{95E571DD-7709-4AB1-A9FB-65AB0CF4612D}.Release|ARM.ActiveCfg = Release|Any CPU
		{95E571DD-7709-4AB1-A9FB-65AB0CF4612D}.Release|ARM.Build.0 = Release|Any CPU
		{95E571DD-7709-4AB1-A9FB-65AB0CF4612D}.Release|ARM.Deploy.0 = Release|Any CPU
		{95E571DD-7709-4AB1-A9FB-65AB0CF4612D}.Release|iPhone.ActiveCfg = Release|Any CPU
		{95E571DD-7709-4AB1-A9FB-65AB0CF4612D}.Release|iPhone.Build.0 = Release|Any CPU
		{95E571DD-7709-4AB1-A9FB-65AB0CF4612D}.Release|iPhone.Deploy.0 = Release|Any CPU
		{95E571DD-7709-4AB1-A9FB-65AB0CF4612D}.Release|iPhoneSimulator.ActiveCfg = Release|Any CPU
		{95E571DD-7709-4AB1-A9FB-65AB0CF4612D}.Release|iPhoneSimulator.Build.0 = Release|Any CPU
		{95E571DD-7709-4AB1-A9FB-65AB0CF4612D}.Release|iPhoneSimulator.Deploy.0 = Release|Any CPU
		{95E571DD-7709-4AB1-A9FB-65AB0CF4612D}.Release|x64.ActiveCfg = Release|Any CPU
		{95E571DD-7709-4AB1-A9FB-65AB0CF4612D}.Release|x64.Build.0 = Release|Any CPU
		{95E571DD-7709-4AB1-A9FB-65AB0CF4612D}.Release|x64.Deploy.0 = Release|Any CPU
		{95E571DD-7709-4AB1-A9FB-65AB0CF4612D}.Release|x86.ActiveCfg = Release|Any CPU
		{95E571DD-7709-4AB1-A9FB-65AB0CF4612D}.Release|x86.Build.0 = Release|Any CPU
		{95E571DD-7709-4AB1-A9FB-65AB0CF4612D}.Release|x86.Deploy.0 = Release|Any CPU
		{4302C0EC-83DE-455B-BC2B-63055D2A1A46}.Debug|Any CPU.ActiveCfg = Debug|iPhone
		{4302C0EC-83DE-455B-BC2B-63055D2A1A46}.Debug|ARM.ActiveCfg = Debug|iPhone
		{4302C0EC-83DE-455B-BC2B-63055D2A1A46}.Debug|iPhone.ActiveCfg = Debug|iPhone
		{4302C0EC-83DE-455B-BC2B-63055D2A1A46}.Debug|iPhone.Build.0 = Debug|iPhone
		{4302C0EC-83DE-455B-BC2B-63055D2A1A46}.Debug|iPhoneSimulator.ActiveCfg = Debug|iPhoneSimulator
		{4302C0EC-83DE-455B-BC2B-63055D2A1A46}.Debug|iPhoneSimulator.Build.0 = Debug|iPhoneSimulator
		{4302C0EC-83DE-455B-BC2B-63055D2A1A46}.Debug|x64.ActiveCfg = Debug|iPhone
		{4302C0EC-83DE-455B-BC2B-63055D2A1A46}.Debug|x86.ActiveCfg = Debug|iPhone
		{4302C0EC-83DE-455B-BC2B-63055D2A1A46}.Release|Any CPU.ActiveCfg = Release|iPhone
		{4302C0EC-83DE-455B-BC2B-63055D2A1A46}.Release|ARM.ActiveCfg = Release|iPhone
		{4302C0EC-83DE-455B-BC2B-63055D2A1A46}.Release|iPhone.ActiveCfg = Release|iPhone
		{4302C0EC-83DE-455B-BC2B-63055D2A1A46}.Release|iPhone.Build.0 = Release|iPhone
		{4302C0EC-83DE-455B-BC2B-63055D2A1A46}.Release|iPhoneSimulator.ActiveCfg = Release|iPhoneSimulator
		{4302C0EC-83DE-455B-BC2B-63055D2A1A46}.Release|iPhoneSimulator.Build.0 = Release|iPhoneSimulator
		{4302C0EC-83DE-455B-BC2B-63055D2A1A46}.Release|x64.ActiveCfg = Release|iPhone
		{4302C0EC-83DE-455B-BC2B-63055D2A1A46}.Release|x86.ActiveCfg = Release|iPhone
		{2B6FEA65-536C-43DC-B9CA-A522B69DD663}.Debug|Any CPU.ActiveCfg = Debug|x86
		{2B6FEA65-536C-43DC-B9CA-A522B69DD663}.Debug|ARM.ActiveCfg = Debug|ARM
		{2B6FEA65-536C-43DC-B9CA-A522B69DD663}.Debug|ARM.Build.0 = Debug|ARM
		{2B6FEA65-536C-43DC-B9CA-A522B69DD663}.Debug|ARM.Deploy.0 = Debug|ARM
		{2B6FEA65-536C-43DC-B9CA-A522B69DD663}.Debug|iPhone.ActiveCfg = Debug|x86
		{2B6FEA65-536C-43DC-B9CA-A522B69DD663}.Debug|iPhoneSimulator.ActiveCfg = Debug|x86
		{2B6FEA65-536C-43DC-B9CA-A522B69DD663}.Debug|x64.ActiveCfg = Debug|x64
		{2B6FEA65-536C-43DC-B9CA-A522B69DD663}.Debug|x64.Build.0 = Debug|x64
		{2B6FEA65-536C-43DC-B9CA-A522B69DD663}.Debug|x64.Deploy.0 = Debug|x64
		{2B6FEA65-536C-43DC-B9CA-A522B69DD663}.Debug|x86.ActiveCfg = Debug|x86
		{2B6FEA65-536C-43DC-B9CA-A522B69DD663}.Debug|x86.Build.0 = Debug|x86
		{2B6FEA65-536C-43DC-B9CA-A522B69DD663}.Debug|x86.Deploy.0 = Debug|x86
		{2B6FEA65-536C-43DC-B9CA-A522B69DD663}.Release|Any CPU.ActiveCfg = Release|x86
		{2B6FEA65-536C-43DC-B9CA-A522B69DD663}.Release|ARM.ActiveCfg = Release|ARM
		{2B6FEA65-536C-43DC-B9CA-A522B69DD663}.Release|ARM.Build.0 = Release|ARM
		{2B6FEA65-536C-43DC-B9CA-A522B69DD663}.Release|ARM.Deploy.0 = Release|ARM
		{2B6FEA65-536C-43DC-B9CA-A522B69DD663}.Release|iPhone.ActiveCfg = Release|x86
		{2B6FEA65-536C-43DC-B9CA-A522B69DD663}.Release|iPhoneSimulator.ActiveCfg = Release|x86
		{2B6FEA65-536C-43DC-B9CA-A522B69DD663}.Release|x64.ActiveCfg = Release|x64
		{2B6FEA65-536C-43DC-B9CA-A522B69DD663}.Release|x64.Build.0 = Release|x64
		{2B6FEA65-536C-43DC-B9CA-A522B69DD663}.Release|x64.Deploy.0 = Release|x64
		{2B6FEA65-536C-43DC-B9CA-A522B69DD663}.Release|x86.ActiveCfg = Release|x86
		{2B6FEA65-536C-43DC-B9CA-A522B69DD663}.Release|x86.Build.0 = Release|x86
		{2B6FEA65-536C-43DC-B9CA-A522B69DD663}.Release|x86.Deploy.0 = Release|x86
	EndGlobalSection
	GlobalSection(SolutionProperties) = preSolution
		HideSolutionNode = FALSE
	EndGlobalSection
EndGlobal
